
Microsoft Visual Studio Solution File, Format Version 12.00
# Visual Studio Version 16
VisualStudioVersion = 16.0.810.6
MinimumVisualStudioVersion = 10.0.40219.1
Project("{FAE04EC0-301F-11D3-BF4B-00C04F79EFBC}") = "CommandAPI.Tests", "CommandAPI.Tests.csproj", "{842835B0-B49D-4203-B128-0F46B558CF50}"
EndProject
Global
	GlobalSection(SolutionConfigurationPlatforms) = preSolution
		Debug|Any CPU = Debug|Any CPU
		Release|Any CPU = Release|Any CPU
	EndGlobalSection
	GlobalSection(ProjectConfigurationPlatforms) = postSolution
		{842835B0-B49D-4203-B128-0F46B558CF50}.Debug|Any CPU.ActiveCfg = Debug|Any CPU
		{842835B0-B49D-4203-B128-0F46B558CF50}.Debug|Any CPU.Build.0 = Debug|Any CPU
		{842835B0-B49D-4203-B128-0F46B558CF50}.Release|Any CPU.ActiveCfg = Release|Any CPU
		{842835B0-B49D-4203-B128-0F46B558CF50}.Release|Any CPU.Build.0 = Release|Any CPU
	EndGlobalSection
	GlobalSection(SolutionProperties) = preSolution
		HideSolutionNode = FALSE
	EndGlobalSection
	GlobalSection(ExtensibilityGlobals) = postSolution
		SolutionGuid = {467CCA5E-2373-494B-B5B8-7A159A67A46C}
	EndGlobalSection
EndGlobal
